
Microsoft Visual Studio Solution File, Format Version 12.00
# Visual Studio 2015
Project("{FAE04EC0-301F-11D3-BF4B-00C04F79EFBC}") = "gaming2D", "gaming2D.csproj", "{40ABFEDE-AD4F-19C1-F898-CFA942677EC8}"
EndProject
Project("{FAE04EC0-301F-11D3-BF4B-00C04F79EFBC}") = "gaming2D.Editor", "gaming2D.Editor.csproj", "{8DA60AFA-02CA-DC2A-3B74-29FD84E6FDA6}"
EndProject
Global
	GlobalSection(SolutionConfigurationPlatforms) = preSolution
		Debug|Any CPU = Debug|Any CPU
		Release|Any CPU = Release|Any CPU
	EndGlobalSection
	GlobalSection(ProjectConfigurationPlatforms) = postSolution
		{40ABFEDE-AD4F-19C1-F898-CFA942677EC8}.Debug|Any CPU.ActiveCfg = Debug|Any CPU
		{40ABFEDE-AD4F-19C1-F898-CFA942677EC8}.Debug|Any CPU.Build.0 = Debug|Any CPU
		{40ABFEDE-AD4F-19C1-F898-CFA942677EC8}.Release|Any CPU.ActiveCfg = Release|Any CPU
		{40ABFEDE-AD4F-19C1-F898-CFA942677EC8}.Release|Any CPU.Build.0 = Release|Any CPU
		{8DA60AFA-02CA-DC2A-3B74-29FD84E6FDA6}.Debug|Any CPU.ActiveCfg = Debug|Any CPU
		{8DA60AFA-02CA-DC2A-3B74-29FD84E6FDA6}.Debug|Any CPU.Build.0 = Debug|Any CPU
		{8DA60AFA-02CA-DC2A-3B74-29FD84E6FDA6}.Release|Any CPU.ActiveCfg = Release|Any CPU
		{8DA60AFA-02CA-DC2A-3B74-29FD84E6FDA6}.Release|Any CPU.Build.0 = Release|Any CPU
	EndGlobalSection
	GlobalSection(SolutionProperties) = preSolution
		HideSolutionNode = FALSE
	EndGlobalSection
EndGlobal
