
Microsoft Visual Studio Solution File, Format Version 12.00
# Visual Studio 2015
Project("{FAE04EC0-301F-11D3-BF4B-00C04F79EFBC}") = "gaming2D.CSharp.Plugins", "gaming2D.CSharp.Plugins.csproj", "{60E765C5-3473-1890-38F8-49ED4355FCA3}"
EndProject
Project("{FAE04EC0-301F-11D3-BF4B-00C04F79EFBC}") = "gaming2D.CSharp", "gaming2D.CSharp.csproj", "{380854B3-8751-5C01-6533-ED7A08B540EB}"
EndProject
Project("{FAE04EC0-301F-11D3-BF4B-00C04F79EFBC}") = "gaming2D.CSharp.Editor", "gaming2D.CSharp.Editor.csproj", "{F8C85ADD-C41B-3578-4FE2-ADDB5BBDE98A}"
EndProject
Global
	GlobalSection(SolutionConfigurationPlatforms) = preSolution
		Debug|Any CPU = Debug|Any CPU
		Release|Any CPU = Release|Any CPU
	EndGlobalSection
	GlobalSection(ProjectConfigurationPlatforms) = postSolution
		{60E765C5-3473-1890-38F8-49ED4355FCA3}.Debug|Any CPU.ActiveCfg = Debug|Any CPU
		{60E765C5-3473-1890-38F8-49ED4355FCA3}.Debug|Any CPU.Build.0 = Debug|Any CPU
		{60E765C5-3473-1890-38F8-49ED4355FCA3}.Release|Any CPU.ActiveCfg = Release|Any CPU
		{60E765C5-3473-1890-38F8-49ED4355FCA3}.Release|Any CPU.Build.0 = Release|Any CPU
		{380854B3-8751-5C01-6533-ED7A08B540EB}.Debug|Any CPU.ActiveCfg = Debug|Any CPU
		{380854B3-8751-5C01-6533-ED7A08B540EB}.Debug|Any CPU.Build.0 = Debug|Any CPU
		{380854B3-8751-5C01-6533-ED7A08B540EB}.Release|Any CPU.ActiveCfg = Release|Any CPU
		{380854B3-8751-5C01-6533-ED7A08B540EB}.Release|Any CPU.Build.0 = Release|Any CPU
		{F8C85ADD-C41B-3578-4FE2-ADDB5BBDE98A}.Debug|Any CPU.ActiveCfg = Debug|Any CPU
		{F8C85ADD-C41B-3578-4FE2-ADDB5BBDE98A}.Debug|Any CPU.Build.0 = Debug|Any CPU
		{F8C85ADD-C41B-3578-4FE2-ADDB5BBDE98A}.Release|Any CPU.ActiveCfg = Release|Any CPU
		{F8C85ADD-C41B-3578-4FE2-ADDB5BBDE98A}.Release|Any CPU.Build.0 = Release|Any CPU
	EndGlobalSection
	GlobalSection(SolutionProperties) = preSolution
		HideSolutionNode = FALSE
	EndGlobalSection
EndGlobal
