
Microsoft Visual Studio Solution File, Format Version 12.00
# Visual Studio 2015
Project("{FAE04EC0-301F-11D3-BF4B-00C04F79EFBC}") = "RPG.CSharp.Plugins", "RPG.CSharp.Plugins.csproj", "{C49FA574-636D-02FF-6B18-00AD8F103CB4}"
EndProject
Project("{FAE04EC0-301F-11D3-BF4B-00C04F79EFBC}") = "RPG.CSharp.Editor", "RPG.CSharp.Editor.csproj", "{C5E2C25A-193E-027F-ECA2-7F425F1CE68B}"
EndProject
Global
	GlobalSection(SolutionConfigurationPlatforms) = preSolution
		Debug|Any CPU = Debug|Any CPU
		Release|Any CPU = Release|Any CPU
	EndGlobalSection
	GlobalSection(ProjectConfigurationPlatforms) = postSolution
		{C49FA574-636D-02FF-6B18-00AD8F103CB4}.Debug|Any CPU.ActiveCfg = Debug|Any CPU
		{C49FA574-636D-02FF-6B18-00AD8F103CB4}.Debug|Any CPU.Build.0 = Debug|Any CPU
		{C49FA574-636D-02FF-6B18-00AD8F103CB4}.Release|Any CPU.ActiveCfg = Release|Any CPU
		{C49FA574-636D-02FF-6B18-00AD8F103CB4}.Release|Any CPU.Build.0 = Release|Any CPU
		{C5E2C25A-193E-027F-ECA2-7F425F1CE68B}.Debug|Any CPU.ActiveCfg = Debug|Any CPU
		{C5E2C25A-193E-027F-ECA2-7F425F1CE68B}.Debug|Any CPU.Build.0 = Debug|Any CPU
		{C5E2C25A-193E-027F-ECA2-7F425F1CE68B}.Release|Any CPU.ActiveCfg = Release|Any CPU
		{C5E2C25A-193E-027F-ECA2-7F425F1CE68B}.Release|Any CPU.Build.0 = Release|Any CPU
	EndGlobalSection
	GlobalSection(SolutionProperties) = preSolution
		HideSolutionNode = FALSE
	EndGlobalSection
EndGlobal
